PODS:
  - Alamofire (4.7.3)
  - AlignedCollectionViewFlowLayout (1.1.2)
  - AppCenter (1.8.0):
    - AppCenter/Analytics (= 1.8.0)
    - AppCenter/Crashes (= 1.8.0)
  - AppCenter/Analytics (1.8.0):
    - AppCenter/Core
  - AppCenter/Core (1.8.0)
  - AppCenter/Crashes (1.8.0):
    - AppCenter/Core
  - EasyDi (1.4.1)
  - KeychainSwift (10.0.0)
  - Realm (3.7.6):
    - Realm/Headers (= 3.7.6)
  - Realm/Headers (3.7.6)
  - RealmSwift (3.7.6):
    - Realm (= 3.7.6)
  - RxAlamofire (4.2.0):
    - RxAlamofire/Core (= 4.2.0)
  - RxAlamofire/Core (4.2.0):
    - Alamofire (~> 4.5)
    - RxSwift (~> 4)
  - RxRealm (0.7.5):
    - RealmSwift (~> 3.0)
    - RxSwift (~> 4.0)
  - RxSwift (4.2.0)
  - SDWebImage (4.4.2):
    - SDWebImage/Core (= 4.4.2)
  - SDWebImage/Core (4.4.2)
  - SINQ (0.7.0)

DEPENDENCIES:
  - Alamofire (~> 4.7)
  - AlignedCollectionViewFlowLayout (~> 1.1)
  - AppCenter
  - EasyDi
  - KeychainSwift (~> 10.0)
  - RealmSwift
  - RxAlamofire
  - RxRealm
  - RxSwift (~> 4.0)
  - SDWebImage (~> 4.0)
  - SINQ

SPEC REPOS:
  https://github.com/cocoapods/specs.git:
    - Alamofire
    - AlignedCollectionViewFlowLayout
    - AppCenter
    - EasyDi
    - KeychainSwift
    - Realm
    - RealmSwift
    - RxAlamofire
    - RxRealm
    - RxSwift
    - SDWebImage
    - SINQ

SPEC CHECKSUMS:
  Alamofire: c7287b6e5d7da964a70935e5db17046b7fde6568
  AlignedCollectionViewFlowLayout: ee2ef451e741ec08f8e0967d828001e2f051c20a
  AppCenter: 7e7b42e94b70294d1de3d747f164f0c1668a28e1
  EasyDi: 2d345f4d47b98b0054266db6c3a6754d8eaf177c
  KeychainSwift: f9f7910449a0c0fd2cabc889121530dd2c477c33
  Realm: 9eaecad54712d6246d08ba34c10f354e4715d7d3
  RealmSwift: 1fe08b4ebaeeaacf17f9ba0343f7b25c9fc31fa6
  RxAlamofire: 87a9c588541210cc3e4a1f843ccc3ecf3eb98b31
  RxRealm: a6c6c0a07cb61f34209969ca6657734edfdfff30
  RxSwift: 99e10317ddfcc7fbe01356aafd118fde4a0be104
  SDWebImage: 624d6e296c69b244bcede364c72ae0430ac14681
  SINQ: 64cab7b7c73486da8f4442c25ccdd6ada7e67b95

PODFILE CHECKSUM: 15f359ccdf5d8841df62f2e55f7eae1f3a731eca

COCOAPODS: 1.5.3
